
Microsoft Visual Studio Solution File, Format Version 12.00
# Visual Studio Version 17
VisualStudioVersion = 17.6.33723.286
MinimumVisualStudioVersion = 10.0.40219.1
Project("{FAE04EC0-301F-11D3-BF4B-00C04F79EFBC}") = "PacketTool", "PacketTool\PacketTool.csproj", "{A76D1B93-0A6C-4480-99D1-BA7FBEA247A0}"
EndProject
Global
	GlobalSection(SolutionConfigurationPlatforms) = preSolution
		Debug|Any CPU = Debug|Any CPU
		Release|Any CPU = Release|Any CPU
	EndGlobalSection
	GlobalSection(ProjectConfigurationPlatforms) = postSolution
		{A76D1B93-0A6C-4480-99D1-BA7FBEA247A0}.Debug|Any CPU.ActiveCfg = Debug|Any CPU
		{A76D1B93-0A6C-4480-99D1-BA7FBEA247A0}.Debug|Any CPU.Build.0 = Debug|Any CPU
		{A76D1B93-0A6C-4480-99D1-BA7FBEA247A0}.Release|Any CPU.ActiveCfg = Release|Any CPU
		{A76D1B93-0A6C-4480-99D1-BA7FBEA247A0}.Release|Any CPU.Build.0 = Release|Any CPU
	EndGlobalSection
	GlobalSection(SolutionProperties) = preSolution
		HideSolutionNode = FALSE
	EndGlobalSection
	GlobalSection(ExtensibilityGlobals) = postSolution
		SolutionGuid = {0D2FC4AE-2704-4C38-9DEF-E49EC26C4C8B}
	EndGlobalSection
EndGlobal
